{
    "name": "my-worker",
    "lockfileVersion": 2,
    "requires": true,
    "packages": {
        "": {
            "name": "my-worker",
            "dependencies": {
                "eventsource-parser": "^1.0.0"
            }
        },
        "node_modules/eventsource-parser": {
            "version": "1.0.0",
            "resolved": "https://registry.npmjs.org/eventsource-parser/-/eventsource-parser-1.0.0.tgz",
            "integrity": "sha512-9jgfSCa3dmEme2ES3mPByGXfgZ87VbP97tng1G2nWwWx6bV2nYxm2AWCrbQjXToSe+yYlqaZNtxffR9IeQr95g==",
            "engines": {
                "node": ">=14.18"
            }
        }
    },
    "dependencies": {
        "eventsource-parser": {
            "version": "1.0.0",
            "resolved": "https://registry.npmjs.org/eventsource-parser/-/eventsource-parser-1.0.0.tgz",
            "integrity": "sha512-9jgfSCa3dmEme2ES3mPByGXfgZ87VbP97tng1G2nWwWx6bV2nYxm2AWCrbQjXToSe+yYlqaZNtxffR9IeQr95g=="
        }
    }
}
