# THIS IS AN AUTOGENERATED FILE. DO NOT EDIT THIS FILE DIRECTLY.
# yarn lockfile v1


"@cloudflare/workers-types@^4.20230419.0":
  version "4.20230419.0"
  resolved "https://registry.yarnpkg.com/@cloudflare/workers-types/-/workers-types-4.20230419.0.tgz#0d90e06d6ac3fcdd0c26e4c32817918811688c8b"
  integrity sha512-MfNBlHrI/ekRkbLtdAo23D4hkXF+3QD92OCwuXxCUK73HtMHuBqkMp9T/8KFbKNRCnz7PzUderc7Jr5m3eeW3g==

eventsource-parser@^1.0.0:
  version "1.0.0"
  resolved "https://registry.yarnpkg.com/eventsource-parser/-/eventsource-parser-1.0.0.tgz#6332e37fd5512e3c8d9df05773b2bf9e152ccc04"
  integrity sha512-9jgfSCa3dmEme2ES3mPByGXfgZ87VbP97tng1G2nWwWx6bV2nYxm2AWCrbQjXToSe+yYlqaZNtxffR9IeQr95g==

replicate@0.11.1:
  version "0.11.1"
  resolved "https://registry.yarnpkg.com/replicate/-/replicate-0.11.1.tgz#9025bd74bf8b33d62cf89705dc8efdbe233cd1a9"
  integrity sha512-PJ5qFQj7y4JfajiRg06ly1NYiH3z2QTuEGbNTBRO5t53dv55eDAc0gOqfVMUYbOvXi9m5jkDpz+W2TwSO8YiOg==

typescript@^5.0.4:
  version "5.0.4"
  resolved "https://registry.yarnpkg.com/typescript/-/typescript-5.0.4.tgz#b217fd20119bd61a94d4011274e0ab369058da3b"
  integrity sha512-cW9T5W9xY37cc+jfEnaUvX91foxtHkza3Nw3wkoF4sSlKn0MONdkdEndig/qPBWXNkmplh3NzayQzCiHM4/hqw==
